
Microsoft Visual Studio Solution File, Format Version 12.00
# Visual Studio 2012
Project("{FAE04EC0-301F-11D3-BF4B-00C04F79EFBC}") = "Conexus202.QandA.Model", "Conexus202.QandA.Model\Conexus202.QandA.Model.csproj", "{7AFB702C-6061-4E94-9225-0B21092D7990}"
EndProject
Project("{2150E333-8FDC-42A3-9474-1A3956D46DE8}") = "Model", "Model", "{2446AADE-8DFB-4CE8-9673-1B24F514C226}"
EndProject
Project("{2150E333-8FDC-42A3-9474-1A3956D46DE8}") = "Web", "Web", "{6F6588F2-3154-4CA6-B3B6-339FE92E6D4B}"
EndProject
Project("{FAE04EC0-301F-11D3-BF4B-00C04F79EFBC}") = "Conexus202.QandA.Web", "Conexus202.QandA.Web\Conexus202.QandA.Web.csproj", "{9FFDCDC4-246D-4A4A-9AE5-586FB1F9DA51}"
EndProject
Global
	GlobalSection(SolutionConfigurationPlatforms) = preSolution
		Debug|Any CPU = Debug|Any CPU
		Release|Any CPU = Release|Any CPU
	EndGlobalSection
	GlobalSection(ProjectConfigurationPlatforms) = postSolution
		{7AFB702C-6061-4E94-9225-0B21092D7990}.Debug|Any CPU.ActiveCfg = Debug|Any CPU
		{7AFB702C-6061-4E94-9225-0B21092D7990}.Debug|Any CPU.Build.0 = Debug|Any CPU
		{7AFB702C-6061-4E94-9225-0B21092D7990}.Release|Any CPU.ActiveCfg = Release|Any CPU
		{7AFB702C-6061-4E94-9225-0B21092D7990}.Release|Any CPU.Build.0 = Release|Any CPU
		{9FFDCDC4-246D-4A4A-9AE5-586FB1F9DA51}.Debug|Any CPU.ActiveCfg = Debug|Any CPU
		{9FFDCDC4-246D-4A4A-9AE5-586FB1F9DA51}.Debug|Any CPU.Build.0 = Debug|Any CPU
		{9FFDCDC4-246D-4A4A-9AE5-586FB1F9DA51}.Release|Any CPU.ActiveCfg = Release|Any CPU
		{9FFDCDC4-246D-4A4A-9AE5-586FB1F9DA51}.Release|Any CPU.Build.0 = Release|Any CPU
	EndGlobalSection
	GlobalSection(SolutionProperties) = preSolution
		HideSolutionNode = FALSE
	EndGlobalSection
	GlobalSection(NestedProjects) = preSolution
		{7AFB702C-6061-4E94-9225-0B21092D7990} = {2446AADE-8DFB-4CE8-9673-1B24F514C226}
		{9FFDCDC4-246D-4A4A-9AE5-586FB1F9DA51} = {6F6588F2-3154-4CA6-B3B6-339FE92E6D4B}
	EndGlobalSection
EndGlobal
